
Microsoft Visual Studio Solution File, Format Version 12.00
# Visual Studio 11
Project("{FAE04EC0-301F-11D3-BF4B-00C04F79EFBC}") = "dragonupload", "dragonupload\dragonupload.csproj", "{53ABC36F-9320-431A-B585-CC07CC05B49D}"
EndProject
Global
	GlobalSection(SolutionConfigurationPlatforms) = preSolution
		Debug|Any CPU = Debug|Any CPU
		Release|Any CPU = Release|Any CPU
	EndGlobalSection
	GlobalSection(ProjectConfigurationPlatforms) = postSolution
		{53ABC36F-9320-431A-B585-CC07CC05B49D}.Debug|Any CPU.ActiveCfg = Debug|Any CPU
		{53ABC36F-9320-431A-B585-CC07CC05B49D}.Debug|Any CPU.Build.0 = Debug|Any CPU
		{53ABC36F-9320-431A-B585-CC07CC05B49D}.Release|Any CPU.ActiveCfg = Release|Any CPU
		{53ABC36F-9320-431A-B585-CC07CC05B49D}.Release|Any CPU.Build.0 = Release|Any CPU
	EndGlobalSection
	GlobalSection(SolutionProperties) = preSolution
		HideSolutionNode = FALSE
	EndGlobalSection
EndGlobal
